// !$*UTF8*$!
{
	archiveVersion = 1;
	classes = {
	};
	objectVersion = 48;
	objects = {

/* Begin PBXBuildFile section */
		6ABDF43D208145560083DD4A /* AppDelegate.swift in Sources */ = {isa = PBXBuildFile; fileRef = 6ABDF43C208145560083DD4A /* AppDelegate.swift */; };
		6ABDF43F208145560083DD4A /* ViewController.swift in Sources */ = {isa = PBXBuildFile; fileRef = 6ABDF43E208145560083DD4A /* ViewController.swift */; };
		6ABDF442208145560083DD4A /* Main.storyboard in Resources */ = {isa = PBXBuildFile; fileRef = 6ABDF440208145560083DD4A /* Main.storyboard */; };
		6ABDF444208145560083DD4A /* Assets.xcassets in Resources */ = {isa = PBXBuildFile; fileRef = 6ABDF443208145560083DD4A /* Assets.xcassets */; };
		6ABDF447208145560083DD4A /* LaunchScreen.storyboard in Resources */ = {isa = PBXBuildFile; fileRef = 6ABDF445208145560083DD4A /* LaunchScreen.storyboard */; };
		6ABDF452208145560083DD4A /* ClockTimeTests.swift in Sources */ = {isa = PBXBuildFile; fileRef = 6ABDF451208145560083DD4A /* ClockTimeTests.swift */; };
		6ABDF45D208145560083DD4A /* ClockTimeUITests.swift in Sources */ = {isa = PBXBuildFile; fileRef = 6ABDF45C208145560083DD4A /* ClockTimeUITests.swift */; };
		6ABDF46B208145C30083DD4A /* digital-7.ttf in Resources */ = {isa = PBXBuildFile; fileRef = 6ABDF46A208145C30083DD4A /* digital-7.ttf */; };
/* End PBXBuildFile section */

/* Begin PBXContainerItemProxy section */
		6ABDF44E208145560083DD4A /* PBXContainerItemProxy */ = {
			isa = PBXContainerItemProxy;
			containerPortal = 6ABDF431208145560083DD4A /* Project object */;
			proxyType = 1;
			remoteGlobalIDString = 6ABDF438208145560083DD4A;
			remoteInfo = ClockTime;
		};
		6ABDF459208145560083DD4A /* PBXContainerItemProxy */ = {
			isa = PBXContainerItemProxy;
			containerPortal = 6ABDF431208145560083DD4A /* Project object */;
			proxyType = 1;
			remoteGlobalIDString = 6ABDF438208145560083DD4A;
			remoteInfo = ClockTime;
		};
/* End PBXContainerItemProxy section */

/* Begin PBXFileReference section */
		6ABDF439208145560083DD4A /* ClockTime.app */ = {isa = PBXFileReference; explicitFileType = wrapper.application; includeInIndex = 0; path = ClockTime.app; sourceTree = BUILT_PRODUCTS_DIR; };
		6ABDF43C208145560083DD4A /* AppDelegate.swift */ = {isa = PBXFileReference; lastKnownFileType = sourcecode.swift; path = AppDelegate.swift; sourceTree = "<group>"; };
		6ABDF43E208145560083DD4A /* ViewController.swift */ = {isa = PBXFileReference; lastKnownFileType = sourcecode.swift; path = ViewController.swift; sourceTree = "<group>"; };
		6ABDF441208145560083DD4A /* Base */ = {isa = PBXFileReference; lastKnownFileType = file.storyboard; name = Base; path = Base.lproj/Main.storyboard; sourceTree = "<group>"; };
		6ABDF443208145560083DD4A /* Assets.xcassets */ = {isa = PBXFileReference; lastKnownFileType = folder.assetcatalog; path = Assets.xcassets; sourceTree = "<group>"; };
		6ABDF446208145560083DD4A /* Base */ = {isa = PBXFileReference; lastKnownFileType = file.storyboard; name = Base; path = Base.lproj/LaunchScreen.storyboard; sourceTree = "<group>"; };
		6ABDF448208145560083DD4A /* Info.plist */ = {isa = PBXFileReference; lastKnownFileType = text.plist.xml; path = Info.plist; sourceTree = "<group>"; };
		6ABDF44D208145560083DD4A /* ClockTimeTests.xctest */ = {isa = PBXFileReference; explicitFileType = wrapper.cfbundle; includeInIndex = 0; path = ClockTimeTests.xctest; sourceTree = BUILT_PRODUCTS_DIR; };
		6ABDF451208145560083DD4A /* ClockTimeTests.swift */ = {isa = PBXFileReference; lastKnownFileType = sourcecode.swift; path = ClockTimeTests.swift; sourceTree = "<group>"; };
		6ABDF453208145560083DD4A /* Info.plist */ = {isa = PBXFileReference; lastKnownFileType = text.plist.xml; path = Info.plist; sourceTree = "<group>"; };
		6ABDF458208145560083DD4A /* ClockTimeUITests.xctest */ = {isa = PBXFileReference; explicitFileType = wrapper.cfbundle; includeInIndex = 0; path = ClockTimeUITests.xctest; sourceTree = BUILT_PRODUCTS_DIR; };
		6ABDF45C208145560083DD4A /* ClockTimeUITests.swift */ = {isa = PBXFileReference; lastKnownFileType = sourcecode.swift; path = ClockTimeUITests.swift; sourceTree = "<group>"; };
		6ABDF45E208145560083DD4A /* Info.plist */ = {isa = PBXFileReference; lastKnownFileType = text.plist.xml; path = Info.plist; sourceTree = "<group>"; };
		6ABDF46A208145C30083DD4A /* digital-7.ttf */ = {isa = PBXFileReference; lastKnownFileType = file; path = "digital-7.ttf"; sourceTree = SOURCE_ROOT; };
/* End PBXFileReference section */

/* Begin PBXFrameworksBuildPhase section */
		6ABDF436208145560083DD4A /* Frameworks */ = {
			isa = PBXFrameworksBuildPhase;
			buildActionMask = 2147483647;
			files = (
			);
			runOnlyForDeploymentPostprocessing = 0;
		};
		6ABDF44A208145560083DD4A /* Frameworks */ = {
			isa = PBXFrameworksBuildPhase;
			buildActionMask = 2147483647;
			files = (
			);
			runOnlyForDeploymentPostprocessing = 0;
		};
		6ABDF455208145560083DD4A /* Frameworks */ = {
			isa = PBXFrameworksBuildPhase;
			buildActionMask = 2147483647;
			files = (
			);
			runOnlyForDeploymentPostprocessing = 0;
		};
/* End PBXFrameworksBuildPhase section */

/* Begin PBXGroup section */
		6ABDF430208145560083DD4A = {
			isa = PBXGroup;
			children = (
				6ABDF43B208145560083DD4A /* ClockTime */,
				6ABDF450208145560083DD4A /* ClockTimeTests */,
				6ABDF45B208145560083DD4A /* ClockTimeUITests */,
				6ABDF43A208145560083DD4A /* Products */,
			);
			sourceTree = "<group>";
		};
		6ABDF43A208145560083DD4A /* Products */ = {
			isa = PBXGroup;
			children = (
				6ABDF439208145560083DD4A /* ClockTime.app */,
				6ABDF44D208145560083DD4A /* ClockTimeTests.xctest */,
				6ABDF458208145560083DD4A /* ClockTimeUITests.xctest */,
			);
			name = Products;
			sourceTree = "<group>";
		};
		6ABDF43B208145560083DD4A /* ClockTime */ = {
			isa = PBXGroup;
			children = (
				6ABDF43C208145560083DD4A /* AppDelegate.swift */,
				6ABDF43E208145560083DD4A /* ViewController.swift */,
				6ABDF440208145560083DD4A /* Main.storyboard */,
				6ABDF443208145560083DD4A /* Assets.xcassets */,
				6ABDF445208145560083DD4A /* LaunchScreen.storyboard */,
				6ABDF448208145560083DD4A /* Info.plist */,
				6ABDF46A208145C30083DD4A /* digital-7.ttf */,
			);
			path = ClockTime;
			sourceTree = "<group>";
		};
		6ABDF450208145560083DD4A /* ClockTimeTests */ = {
			isa = PBXGroup;
			children = (
				6ABDF451208145560083DD4A /* ClockTimeTests.swift */,
				6ABDF453208145560083DD4A /* Info.plist */,
			);
			path = ClockTimeTests;
			sourceTree = "<group>";
		};
		6ABDF45B208145560083DD4A /* ClockTimeUITests */ = {
			isa = PBXGroup;
			children = (
				6ABDF45C208145560083DD4A /* ClockTimeUITests.swift */,
				6ABDF45E208145560083DD4A /* Info.plist */,
			);
			path = ClockTimeUITests;
			sourceTree = "<group>";
		};
/* End PBXGroup section */

/* Begin PBXNativeTarget section */
		6ABDF438208145560083DD4A /* ClockTime */ = {
			isa = PBXNativeTarget;
			buildConfigurationList = 6ABDF461208145560083DD4A /* Build configuration list for PBXNativeTarget "ClockTime" */;
			buildPhases = (
				6ABDF435208145560083DD4A /* Sources */,
				6ABDF436208145560083DD4A /* Frameworks */,
				6ABDF437208145560083DD4A /* Resources */,
			);
			buildRules = (
			);
			dependencies = (
			);
			name = ClockTime;
			productName = ClockTime;
			productReference = 6ABDF439208145560083DD4A /* ClockTime.app */;
			productType = "com.apple.product-type.application";
		};
		6ABDF44C208145560083DD4A /* ClockTimeTests */ = {
			isa = PBXNativeTarget;
			buildConfigurationList = 6ABDF464208145560083DD4A /* Build configuration list for PBXNativeTarget "ClockTimeTests" */;
			buildPhases = (
				6ABDF449208145560083DD4A /* Sources */,
				6ABDF44A208145560083DD4A /* Frameworks */,
				6ABDF44B208145560083DD4A /* Resources */,
			);
			buildRules = (
			);
			dependencies = (
				6ABDF44F208145560083DD4A /* PBXTargetDependency */,
			);
			name = ClockTimeTests;
			productName = ClockTimeTests;
			productReference = 6ABDF44D208145560083DD4A /* ClockTimeTests.xctest */;
			productType = "com.apple.product-type.bundle.unit-test";
		};
		6ABDF457208145560083DD4A /* ClockTimeUITests */ = {
			isa = PBXNativeTarget;
			buildConfigurationList = 6ABDF467208145560083DD4A /* Build configuration list for PBXNativeTarget "ClockTimeUITests" */;
			buildPhases = (
				6ABDF454208145560083DD4A /* Sources */,
				6ABDF455208145560083DD4A /* Frameworks */,
				6ABDF456208145560083DD4A /* Resources */,
			);
			buildRules = (
			);
			dependencies = (
				6ABDF45A208145560083DD4A /* PBXTargetDependency */,
			);
			name = ClockTimeUITests;
			productName = ClockTimeUITests;
			productReference = 6ABDF458208145560083DD4A /* ClockTimeUITests.xctest */;
			productType = "com.apple.product-type.bundle.ui-testing";
		};
/* End PBXNativeTarget section */

/* Begin PBXProject section */
		6ABDF431208145560083DD4A /* Project object */ = {
			isa = PBXProject;
			attributes = {
				LastSwiftUpdateCheck = 0910;
				LastUpgradeCheck = 0910;
				ORGANIZATIONNAME = "Imran Juma";
				TargetAttributes = {
					6ABDF438208145560083DD4A = {
						CreatedOnToolsVersion = 9.1;
						ProvisioningStyle = Automatic;
					};
					6ABDF44C208145560083DD4A = {
						CreatedOnToolsVersion = 9.1;
						ProvisioningStyle = Automatic;
						TestTargetID = 6ABDF438208145560083DD4A;
					};
					6ABDF457208145560083DD4A = {
						CreatedOnToolsVersion = 9.1;
						ProvisioningStyle = Automatic;
						TestTargetID = 6ABDF438208145560083DD4A;
					};
				};
			};
			buildConfigurationList = 6ABDF434208145560083DD4A /* Build configuration list for PBXProject "ClockTime" */;
			compatibilityVersion = "Xcode 8.0";
			developmentRegion = en;
			hasScannedForEncodings = 0;
			knownRegions = (
				en,
				Base,
			);
			mainGroup = 6ABDF430208145560083DD4A;
			productRefGroup = 6ABDF43A208145560083DD4A /* Products */;
			projectDirPath = "";
			projectRoot = "";
			targets = (
				6ABDF438208145560083DD4A /* ClockTime */,
				6ABDF44C208145560083DD4A /* ClockTimeTests */,
				6ABDF457208145560083DD4A /* ClockTimeUITests */,
			);
		};
/* End PBXProject section */

/* Begin PBXResourcesBuildPhase section */
		6ABDF437208145560083DD4A /* Resources */ = {
			isa = PBXResourcesBuildPhase;
			buildActionMask = 2147483647;
			files = (
				6ABDF447208145560083DD4A /* LaunchScreen.storyboard in Resources */,
				6ABDF444208145560083DD4A /* Assets.xcassets in Resources */,
				6ABDF442208145560083DD4A /* Main.storyboard in Resources */,
				6ABDF46B208145C30083DD4A /* digital-7.ttf in Resources */,
			);
			runOnlyForDeploymentPostprocessing = 0;
		};
		6ABDF44B208145560083DD4A /* Resources */ = {
			isa = PBXResourcesBuildPhase;
			buildActionMask = 2147483647;
			files = (
			);
			runOnlyForDeploymentPostprocessing = 0;
		};
		6ABDF456208145560083DD4A /* Resources */ = {
			isa = PBXResourcesBuildPhase;
			buildActionMask = 2147483647;
			files = (
			);
			runOnlyForDeploymentPostprocessing = 0;
		};
/* End PBXResourcesBuildPhase section */

/* Begin PBXSourcesBuildPhase section */
		6ABDF435208145560083DD4A /* Sources */ = {
			isa = PBXSourcesBuildPhase;
			buildActionMask = 2147483647;
			files = (
				6ABDF43F208145560083DD4A /* ViewController.swift in Sources */,
				6ABDF43D208145560083DD4A /* AppDelegate.swift in Sources */,
			);
			runOnlyForDeploymentPostprocessing = 0;
		};
		6ABDF449208145560083DD4A /* Sources */ = {
			isa = PBXSourcesBuildPhase;
			buildActionMask = 2147483647;
			files = (
				6ABDF452208145560083DD4A /* ClockTimeTests.swift in Sources */,
			);
			runOnlyForDeploymentPostprocessing = 0;
		};
		6ABDF454208145560083DD4A /* Sources */ = {
			isa = PBXSourcesBuildPhase;
			buildActionMask = 2147483647;
			files = (
				6ABDF45D208145560083DD4A /* ClockTimeUITests.swift in Sources */,
			);
			runOnlyForDeploymentPostprocessing = 0;
		};
/* End PBXSourcesBuildPhase section */

/* Begin PBXTargetDependency section */
		6ABDF44F208145560083DD4A /* PBXTargetDependency */ = {
			isa = PBXTargetDependency;
			target = 6ABDF438208145560083DD4A /* ClockTime */;
			targetProxy = 6ABDF44E208145560083DD4A /* PBXContainerItemProxy */;
		};
		6ABDF45A208145560083DD4A /* PBXTargetDependency */ = {
			isa = PBXTargetDependency;
			target = 6ABDF438208145560083DD4A /* ClockTime */;
			targetProxy = 6ABDF459208145560083DD4A /* PBXContainerItemProxy */;
		};
/* End PBXTargetDependency section */

/* Begin PBXVariantGroup section */
		6ABDF440208145560083DD4A /* Main.storyboard */ = {
			isa = PBXVariantGroup;
			children = (
				6ABDF441208145560083DD4A /* Base */,
			);
			name = Main.storyboard;
			sourceTree = "<group>";
		};
		6ABDF445208145560083DD4A /* LaunchScreen.storyboard */ = {
			isa = PBXVariantGroup;
			children = (
				6ABDF446208145560083DD4A /* Base */,
			);
			name = LaunchScreen.storyboard;
			sourceTree = "<group>";
		};
/* End PBXVariantGroup section */

/* Begin XCBuildConfiguration section */
		6ABDF45F208145560083DD4A /* Debug */ = {
			isa = XCBuildConfiguration;
			buildSettings = {
				ALWAYS_SEARCH_USER_PATHS = NO;
				CLANG_ANALYZER_NONNULL = YES;
				CLANG_ANALYZER_NUMBER_OBJECT_CONVERSION = YES_AGGRESSIVE;
				CLANG_CXX_LANGUAGE_STANDARD = "gnu++14";
				CLANG_CXX_LIBRARY = "libc++";
				CLANG_ENABLE_MODULES = YES;
				CLANG_ENABLE_OBJC_ARC = YES;
				CLANG_WARN_BLOCK_CAPTURE_AUTORELEASING = YES;
				CLANG_WARN_BOOL_CONVERSION = YES;
				CLANG_WARN_COMMA = YES;
				CLANG_WARN_CONSTANT_CONVERSION = YES;
				CLANG_WARN_DIRECT_OBJC_ISA_USAGE = YES_ERROR;
				CLANG_WARN_DOCUMENTATION_COMMENTS = YES;
				CLANG_WARN_EMPTY_BODY = YES;
				CLANG_WARN_ENUM_CONVERSION = YES;
				CLANG_WARN_INFINITE_RECURSION = YES;
				CLANG_WARN_INT_CONVERSION = YES;
				CLANG_WARN_NON_LITERAL_NULL_CONVERSION = YES;
				CLANG_WARN_OBJC_LITERAL_CONVERSION = YES;
				CLANG_WARN_OBJC_ROOT_CLASS = YES_ERROR;
				CLANG_WARN_RANGE_LOOP_ANALYSIS = YES;
				CLANG_WARN_STRICT_PROTOTYPES = YES;
				CLANG_WARN_SUSPICIOUS_MOVE = YES;
				CLANG_WARN_UNGUARDED_AVAILABILITY = YES_AGGRESSIVE;
				CLANG_WARN_UNREACHABLE_CODE = YES;
				CLANG_WARN__DUPLICATE_METHOD_MATCH = YES;
				CODE_SIGN_IDENTITY = "iPhone Developer";
				COPY_PHASE_STRIP = NO;
				DEBUG_INFORMATION_FORMAT = dwarf;
				ENABLE_STRICT_OBJC_MSGSEND = YES;
				ENABLE_TESTABILITY = YES;
				GCC_C_LANGUAGE_STANDARD = gnu11;
				GCC_DYNAMIC_NO_PIC = NO;
				GCC_NO_COMMON_BLOCKS = YES;
				GCC_OPTIMIZATION_LEVEL = 0;
				GCC_PREPROCESSOR_DEFINITIONS = (
					"DEBUG=1",
					"$(inherited)",
				);
				GCC_WARN_64_TO_32_BIT_CONVERSION = YES;
				GCC_WARN_ABOUT_RETURN_TYPE = YES_ERROR;
				GCC_WARN_UNDECLARED_SELECTOR = YES;
				GCC_WARN_UNINITIALIZED_AUTOS = YES_AGGRESSIVE;
				GCC_WARN_UNUSED_FUNCTION = YES;
				GCC_WARN_UNUSED_VARIABLE = YES;
				IPHONEOS_DEPLOYMENT_TARGET = 11.1;
				MTL_ENABLE_DEBUG_INFO = YES;
				ONLY_ACTIVE_ARCH = YES;
				SDKROOT = iphoneos;
				SWIFT_ACTIVE_COMPILATION_CONDITIONS = DEBUG;
				SWIFT_OPTIMIZATION_LEVEL = "-Onone";
			};
			name = Debug;
		};
		6ABDF460208145560083DD4A /* Release */ = {
			isa = XCBuildConfiguration;
			buildSettings = {
				ALWAYS_SEARCH_USER_PATHS = NO;
				CLANG_ANALYZER_NONNULL = YES;
				CLANG_ANALYZER_NUMBER_OBJECT_CONVERSION = YES_AGGRESSIVE;
				CLANG_CXX_LANGUAGE_STANDARD = "gnu++14";
				CLANG_CXX_LIBRARY = "libc++";
				CLANG_ENABLE_MODULES = YES;
				CLANG_ENABLE_OBJC_ARC = YES;
				CLANG_WARN_BLOCK_CAPTURE_AUTORELEASING = YES;
				CLANG_WARN_BOOL_CONVERSION = YES;
				CLANG_WARN_COMMA = YES;
				CLANG_WARN_CONSTANT_CONVERSION = YES;
				CLANG_WARN_DIRECT_OBJC_ISA_USAGE = YES_ERROR;
				CLANG_WARN_DOCUMENTATION_COMMENTS = YES;
				CLANG_WARN_EMPTY_BODY = YES;
				CLANG_WARN_ENUM_CONVERSION = YES;
				CLANG_WARN_INFINITE_RECURSION = YES;
				CLANG_WARN_INT_CONVERSION = YES;
				CLANG_WARN_NON_LITERAL_NULL_CONVERSION = YES;
				CLANG_WARN_OBJC_LITERAL_CONVERSION = YES;
				CLANG_WARN_OBJC_ROOT_CLASS = YES_ERROR;
				CLANG_WARN_RANGE_LOOP_ANALYSIS = YES;
				CLANG_WARN_STRICT_PROTOTYPES = YES;
				CLANG_WARN_SUSPICIOUS_MOVE = YES;
				CLANG_WARN_UNGUARDED_AVAILABILITY = YES_AGGRESSIVE;
				CLANG_WARN_UNREACHABLE_CODE = YES;
				CLANG_WARN__DUPLICATE_METHOD_MATCH = YES;
				CODE_SIGN_IDENTITY = "iPhone Developer";
				COPY_PHASE_STRIP = NO;
				DEBUG_INFORMATION_FORMAT = "dwarf-with-dsym";
				ENABLE_NS_ASSERTIONS = NO;
				ENABLE_STRICT_OBJC_MSGSEND = YES;
				GCC_C_LANGUAGE_STANDARD = gnu11;
				GCC_NO_COMMON_BLOCKS = YES;
				GCC_WARN_64_TO_32_BIT_CONVERSION = YES;
				GCC_WARN_ABOUT_RETURN_TYPE = YES_ERROR;
				GCC_WARN_UNDECLARED_SELECTOR = YES;
				GCC_WARN_UNINITIALIZED_AUTOS = YES_AGGRESSIVE;
				GCC_WARN_UNUSED_FUNCTION = YES;
				GCC_WARN_UNUSED_VARIABLE = YES;
				IPHONEOS_DEPLOYMENT_TARGET = 11.1;
				MTL_ENABLE_DEBUG_INFO = NO;
				SDKROOT = iphoneos;
				SWIFT_OPTIMIZATION_LEVEL = "-Owholemodule";
				VALIDATE_PRODUCT = YES;
			};
			name = Release;
		};
		6ABDF462208145560083DD4A /* Debug */ = {
			isa = XCBuildConfiguration;
			buildSettings = {
				ASSETCATALOG_COMPILER_APPICON_NAME = AppIcon;
				CODE_SIGN_STYLE = Automatic;
				INFOPLIST_FILE = ClockTime/Info.plist;
				LD_RUNPATH_SEARCH_PATHS = "$(inherited) @executable_path/Frameworks";
				PRODUCT_BUNDLE_IDENTIFIER = ImranJuma.ClockTime;
				PRODUCT_NAME = "$(TARGET_NAME)";
				SWIFT_VERSION = 4.0;
				TARGETED_DEVICE_FAMILY = "1,2";
			};
			name = Debug;
		};
		6ABDF463208145560083DD4A /* Release */ = {
			isa = XCBuildConfiguration;
			buildSettings = {
				ASSETCATALOG_COMPILER_APPICON_NAME = AppIcon;
				CODE_SIGN_STYLE = Automatic;
				INFOPLIST_FILE = ClockTime/Info.plist;
				LD_RUNPATH_SEARCH_PATHS = "$(inherited) @executable_path/Frameworks";
				PRODUCT_BUNDLE_IDENTIFIER = ImranJuma.ClockTime;
				PRODUCT_NAME = "$(TARGET_NAME)";
				SWIFT_VERSION = 4.0;
				TARGETED_DEVICE_FAMILY = "1,2";
			};
			name = Release;
		};
		6ABDF465208145560083DD4A /* Debug */ = {
			isa = XCBuildConfiguration;
			buildSettings = {
				ALWAYS_EMBED_SWIFT_STANDARD_LIBRARIES = YES;
				BUNDLE_LOADER = "$(TEST_HOST)";
				CODE_SIGN_STYLE = Automatic;
				INFOPLIST_FILE = ClockTimeTests/Info.plist;
				LD_RUNPATH_SEARCH_PATHS = "$(inherited) @executable_path/Frameworks @loader_path/Frameworks";
				PRODUCT_BUNDLE_IDENTIFIER = ImranJuma.ClockTimeTests;
				PRODUCT_NAME = "$(TARGET_NAME)";
				SWIFT_VERSION = 4.0;
				TARGETED_DEVICE_FAMILY = "1,2";
				TEST_HOST = "$(BUILT_PRODUCTS_DIR)/ClockTime.app/ClockTime";
			};
			name = Debug;
		};
		6ABDF466208145560083DD4A /* Release */ = {
			isa = XCBuildConfiguration;
			buildSettings = {
				ALWAYS_EMBED_SWIFT_STANDARD_LIBRARIES = YES;
				BUNDLE_LOADER = "$(TEST_HOST)";
				CODE_SIGN_STYLE = Automatic;
				INFOPLIST_FILE = ClockTimeTests/Info.plist;
				LD_RUNPATH_SEARCH_PATHS = "$(inherited) @executable_path/Frameworks @loader_path/Frameworks";
				PRODUCT_BUNDLE_IDENTIFIER = ImranJuma.ClockTimeTests;
				PRODUCT_NAME = "$(TARGET_NAME)";
				SWIFT_VERSION = 4.0;
				TARGETED_DEVICE_FAMILY = "1,2";
				TEST_HOST = "$(BUILT_PRODUCTS_DIR)/ClockTime.app/ClockTime";
			};
			name = Release;
		};
		6ABDF468208145560083DD4A /* Debug */ = {
			isa = XCBuildConfiguration;
			buildSettings = {
				ALWAYS_EMBED_SWIFT_STANDARD_LIBRARIES = YES;
				CODE_SIGN_STYLE = Automatic;
				INFOPLIST_FILE = ClockTimeUITests/Info.plist;
				LD_RUNPATH_SEARCH_PATHS = "$(inherited) @executable_path/Frameworks @loader_path/Frameworks";
				PRODUCT_BUNDLE_IDENTIFIER = ImranJuma.ClockTimeUITests;
				PRODUCT_NAME = "$(TARGET_NAME)";
				SWIFT_VERSION = 4.0;
				TARGETED_DEVICE_FAMILY = "1,2";
				TEST_TARGET_NAME = ClockTime;
			};
			name = Debug;
		};
		6ABDF469208145560083DD4A /* Release */ = {
			isa = XCBuildConfiguration;
			buildSettings = {
				ALWAYS_EMBED_SWIFT_STANDARD_LIBRARIES = YES;
				CODE_SIGN_STYLE = Automatic;
				INFOPLIST_FILE = ClockTimeUITests/Info.plist;
				LD_RUNPATH_SEARCH_PATHS = "$(inherited) @executable_path/Frameworks @loader_path/Frameworks";
				PRODUCT_BUNDLE_IDENTIFIER = ImranJuma.ClockTimeUITests;
				PRODUCT_NAME = "$(TARGET_NAME)";
				SWIFT_VERSION = 4.0;
				TARGETED_DEVICE_FAMILY = "1,2";
				TEST_TARGET_NAME = ClockTime;
			};
			name = Release;
		};
/* End XCBuildConfiguration section */

/* Begin XCConfigurationList section */
		6ABDF434208145560083DD4A /* Build configuration list for PBXProject "ClockTime" */ = {
			isa = XCConfigurationList;
			buildConfigurations = (
				6ABDF45F208145560083DD4A /* Debug */,
				6ABDF460208145560083DD4A /* Release */,
			);
			defaultConfigurationIsVisible = 0;
			defaultConfigurationName = Release;
		};
		6ABDF461208145560083DD4A /* Build configuration list for PBXNativeTarget "ClockTime" */ = {
			isa = XCConfigurationList;
			buildConfigurations = (
				6ABDF462208145560083DD4A /* Debug */,
				6ABDF463208145560083DD4A /* Release */,
			);
			defaultConfigurationIsVisible = 0;
			defaultConfigurationName = Release;
		};
		6ABDF464208145560083DD4A /* Build configuration list for PBXNativeTarget "ClockTimeTests" */ = {
			isa = XCConfigurationList;
			buildConfigurations = (
				6ABDF465208145560083DD4A /* Debug */,
				6ABDF466208145560083DD4A /* Release */,
			);
			defaultConfigurationIsVisible = 0;
			defaultConfigurationName = Release;
		};
		6ABDF467208145560083DD4A /* Build configuration list for PBXNativeTarget "ClockTimeUITests" */ = {
			isa = XCConfigurationList;
			buildConfigurations = (
				6ABDF468208145560083DD4A /* Debug */,
				6ABDF469208145560083DD4A /* Release */,
			);
			defaultConfigurationIsVisible = 0;
			defaultConfigurationName = Release;
		};
/* End XCConfigurationList section */
	};
	rootObject = 6ABDF431208145560083DD4A /* Project object */;
}
